
Microsoft Visual Studio Solution File, Format Version 12.00
# Visual Studio 2013
VisualStudioVersion = 12.0.31101.0
MinimumVisualStudioVersion = 10.0.40219.1
Project("{8BC9CEB8-8B4A-11D0-8D11-00A0C91BC942}") = "eventBus", "eventBus\eventBus.vcxproj", "{576980A9-0BD7-4966-944B-806D23C9C813}"
EndProject
Global
	GlobalSection(SolutionConfigurationPlatforms) = preSolution
		Debug|Win32 = Debug|Win32
		Release|Win32 = Release|Win32
	EndGlobalSection
	GlobalSection(ProjectConfigurationPlatforms) = postSolution
		{576980A9-0BD7-4966-944B-806D23C9C813}.Debug|Win32.ActiveCfg = Debug|Win32
		{576980A9-0BD7-4966-944B-806D23C9C813}.Debug|Win32.Build.0 = Debug|Win32
		{576980A9-0BD7-4966-944B-806D23C9C813}.Release|Win32.ActiveCfg = Release|Win32
		{576980A9-0BD7-4966-944B-806D23C9C813}.Release|Win32.Build.0 = Release|Win32
	EndGlobalSection
	GlobalSection(SolutionProperties) = preSolution
		HideSolutionNode = FALSE
	EndGlobalSection
EndGlobal
